
Microsoft Visual Studio Solution File, Format Version 12.00
# Visual Studio 15
VisualStudioVersion = 15.0.28307.489
MinimumVisualStudioVersion = 10.0.40219.1
Project("{FAE04EC0-301F-11D3-BF4B-00C04F79EFBC}") = "Tcx2Csv", "Tcx2Csv\Tcx2Csv.csproj", "{4CAE28E9-CA94-4E59-B06B-D20A98ECC25C}"
EndProject
Global
	GlobalSection(SolutionConfigurationPlatforms) = preSolution
		Debug|Any CPU = Debug|Any CPU
		Release|Any CPU = Release|Any CPU
	EndGlobalSection
	GlobalSection(ProjectConfigurationPlatforms) = postSolution
		{4CAE28E9-CA94-4E59-B06B-D20A98ECC25C}.Debug|Any CPU.ActiveCfg = Debug|Any CPU
		{4CAE28E9-CA94-4E59-B06B-D20A98ECC25C}.Debug|Any CPU.Build.0 = Debug|Any CPU
		{4CAE28E9-CA94-4E59-B06B-D20A98ECC25C}.Release|Any CPU.ActiveCfg = Release|Any CPU
		{4CAE28E9-CA94-4E59-B06B-D20A98ECC25C}.Release|Any CPU.Build.0 = Release|Any CPU
	EndGlobalSection
	GlobalSection(SolutionProperties) = preSolution
		HideSolutionNode = FALSE
	EndGlobalSection
	GlobalSection(ExtensibilityGlobals) = postSolution
		SolutionGuid = {158DEEFD-C578-4055-8B21-40CC89CA70F7}
	EndGlobalSection
EndGlobal
